
Microsoft Visual Studio Solution File, Format Version 12.00
# Visual Studio Version 17
VisualStudioVersion = 17.7.34003.232
MinimumVisualStudioVersion = 10.0.40219.1
Project("{9A19103F-16F7-4668-BE54-9A1E7A4F7556}") = "StudyRazorPage", "StudyRazorPage\StudyRazorPage.csproj", "{C72AF0E7-EA3F-420C-BEE5-E8EE7EDEAC44}"
EndProject
Global
	GlobalSection(SolutionConfigurationPlatforms) = preSolution
		Debug|Any CPU = Debug|Any CPU
		Release|Any CPU = Release|Any CPU
	EndGlobalSection
	GlobalSection(ProjectConfigurationPlatforms) = postSolution
		{C72AF0E7-EA3F-420C-BEE5-E8EE7EDEAC44}.Debug|Any CPU.ActiveCfg = Debug|Any CPU
		{C72AF0E7-EA3F-420C-BEE5-E8EE7EDEAC44}.Debug|Any CPU.Build.0 = Debug|Any CPU
		{C72AF0E7-EA3F-420C-BEE5-E8EE7EDEAC44}.Release|Any CPU.ActiveCfg = Release|Any CPU
		{C72AF0E7-EA3F-420C-BEE5-E8EE7EDEAC44}.Release|Any CPU.Build.0 = Release|Any CPU
	EndGlobalSection
	GlobalSection(SolutionProperties) = preSolution
		HideSolutionNode = FALSE
	EndGlobalSection
	GlobalSection(ExtensibilityGlobals) = postSolution
		SolutionGuid = {EC4A5595-4AFA-44F7-B515-15645FC426E6}
	EndGlobalSection
EndGlobal
